
Microsoft Visual Studio Solution File, Format Version 12.00
# Visual Studio Version 16
VisualStudioVersion = 16.0.31702.278
MinimumVisualStudioVersion = 10.0.40219.1
Project("{FAE04EC0-301F-11D3-BF4B-00C04F79EFBC}") = "RetroArcade", "RetroArcade.csproj", "{045D65E7-D26A-4E87-870C-8F328E76DC6E}"
EndProject
Global
	GlobalSection(SolutionConfigurationPlatforms) = preSolution
		Debug|Any CPU = Debug|Any CPU
		Release|Any CPU = Release|Any CPU
	EndGlobalSection
	GlobalSection(ProjectConfigurationPlatforms) = postSolution
		{045D65E7-D26A-4E87-870C-8F328E76DC6E}.Debug|Any CPU.ActiveCfg = Debug|Any CPU
		{045D65E7-D26A-4E87-870C-8F328E76DC6E}.Debug|Any CPU.Build.0 = Debug|Any CPU
		{045D65E7-D26A-4E87-870C-8F328E76DC6E}.Release|Any CPU.ActiveCfg = Release|Any CPU
		{045D65E7-D26A-4E87-870C-8F328E76DC6E}.Release|Any CPU.Build.0 = Release|Any CPU
	EndGlobalSection
	GlobalSection(SolutionProperties) = preSolution
		HideSolutionNode = FALSE
	EndGlobalSection
	GlobalSection(ExtensibilityGlobals) = postSolution
		SolutionGuid = {91284A10-BB61-42AB-85A9-84E1ADBCD8B0}
	EndGlobalSection
EndGlobal
